// !$*UTF8*$!
{
	archiveVersion = 1;
	classes = {
	};
	objectVersion = 55;
	objects = {

/* Begin PBXBuildFile section */
		7005EB8A285E5745003F3850 /* UIButton+Extensions.swift in Sources */ = {isa = PBXBuildFile; fileRef = 7005EB89285E5745003F3850 /* UIButton+Extensions.swift */; };
		7005EB8D285E57C2003F3850 /* Date+Subtract.swift in Sources */ = {isa = PBXBuildFile; fileRef = 7005EB8C285E57C2003F3850 /* Date+Subtract.swift */; };
		702B703227D7BF060003FE1C /* HiddenController.swift in Sources */ = {isa = PBXBuildFile; fileRef = 702B703127D7BF060003FE1C /* HiddenController.swift */; };
		703AF4FA28D7A0F30097DFDF /* Constants.swift in Sources */ = {isa = PBXBuildFile; fileRef = 703AF4F928D7A0F30097DFDF /* Constants.swift */; };
		703D7CD929E7AFFE0020360D /* grayTheme2.swift in Sources */ = {isa = PBXBuildFile; fileRef = 703D7CD829E7AFFE0020360D /* grayTheme2.swift */; };
		703D7CDB29E7B0320020360D /* indigoTheme.swift in Sources */ = {isa = PBXBuildFile; fileRef = 703D7CDA29E7B0320020360D /* indigoTheme.swift */; };
		703D7CDD29E7B04F0020360D /* pinkTheme.swift in Sources */ = {isa = PBXBuildFile; fileRef = 703D7CDC29E7B04F0020360D /* pinkTheme.swift */; };
		703D7CDF29E7B07C0020360D /* brownTheme.swift in Sources */ = {isa = PBXBuildFile; fileRef = 703D7CDE29E7B07C0020360D /* brownTheme.swift */; };
		703D7CE129E7B0990020360D /* greenTheme2.swift in Sources */ = {isa = PBXBuildFile; fileRef = 703D7CE029E7B0990020360D /* greenTheme2.swift */; };
		703D7CE329E7B0AD0020360D /* grayTheme5.swift in Sources */ = {isa = PBXBuildFile; fileRef = 703D7CE229E7B0AD0020360D /* grayTheme5.swift */; };
		703D7CE529E7B0C60020360D /* grayTheme4.swift in Sources */ = {isa = PBXBuildFile; fileRef = 703D7CE429E7B0C60020360D /* grayTheme4.swift */; };
		703D7CE729E7B0ED0020360D /* grayTheme3.swift in Sources */ = {isa = PBXBuildFile; fileRef = 703D7CE629E7B0ED0020360D /* grayTheme3.swift */; };
		703D7CE929E7B1270020360D /* lightTheme6.swift in Sources */ = {isa = PBXBuildFile; fileRef = 703D7CE829E7B1270020360D /* lightTheme6.swift */; };
		703D7CEB29E7B17D0020360D /* lightTheme11.swift in Sources */ = {isa = PBXBuildFile; fileRef = 703D7CEA29E7B17D0020360D /* lightTheme11.swift */; };
		703D7CED29E7B1AA0020360D /* lightTheme.swift in Sources */ = {isa = PBXBuildFile; fileRef = 703D7CEC29E7B1AA0020360D /* lightTheme.swift */; };
		703D7CEF29E7B1D10020360D /* lightTheme3.swift in Sources */ = {isa = PBXBuildFile; fileRef = 703D7CEE29E7B1D10020360D /* lightTheme3.swift */; };
		703D7CF129E7B1EB0020360D /* lightTheme10.swift in Sources */ = {isa = PBXBuildFile; fileRef = 703D7CF029E7B1EB0020360D /* lightTheme10.swift */; };
		703D7CF329E7B2430020360D /* lightTheme5.swift in Sources */ = {isa = PBXBuildFile; fileRef = 703D7CF229E7B2430020360D /* lightTheme5.swift */; };
		703D7CF529E7B25F0020360D /* lightTheme12.swift in Sources */ = {isa = PBXBuildFile; fileRef = 703D7CF429E7B25F0020360D /* lightTheme12.swift */; };
		703D7CF729E7B2740020360D /* lightTheme9.swift in Sources */ = {isa = PBXBuildFile; fileRef = 703D7CF629E7B2740020360D /* lightTheme9.swift */; };
		703D7CF929E7B2950020360D /* lightTheme7.swift in Sources */ = {isa = PBXBuildFile; fileRef = 703D7CF829E7B2950020360D /* lightTheme7.swift */; };
		703D7CFB29E7B2B30020360D /* lightTheme4.swift in Sources */ = {isa = PBXBuildFile; fileRef = 703D7CFA29E7B2B30020360D /* lightTheme4.swift */; };
		703D7CFD29E7B2C20020360D /* lightTheme13.swift in Sources */ = {isa = PBXBuildFile; fileRef = 703D7CFC29E7B2C20020360D /* lightTheme13.swift */; };
		703D7CFF29E7B2E70020360D /* lightTheme8.swift in Sources */ = {isa = PBXBuildFile; fileRef = 703D7CFE29E7B2E70020360D /* lightTheme8.swift */; };
		7041C44027C2639A0096909D /* AppDelegate.swift in Sources */ = {isa = PBXBuildFile; fileRef = 7041C43F27C2639A0096909D /* AppDelegate.swift */; };
		7041C44427C2639A0096909D /* HomeController.swift in Sources */ = {isa = PBXBuildFile; fileRef = 7041C44327C2639A0096909D /* HomeController.swift */; };
		7041C44A27C2639B0096909D /* Note.xcdatamodeld in Sources */ = {isa = PBXBuildFile; fileRef = 7041C44827C2639A0096909D /* Note.xcdatamodeld */; };
		7041C44C27C2639F0096909D /* Assets.xcassets in Resources */ = {isa = PBXBuildFile; fileRef = 7041C44B27C2639F0096909D /* Assets.xcassets */; };
		7041C44F27C2639F0096909D /* LaunchScreen.storyboard in Resources */ = {isa = PBXBuildFile; fileRef = 7041C44D27C2639F0096909D /* LaunchScreen.storyboard */; };
		7041C45A27C2639F0096909D /* short_noteTests.swift in Sources */ = {isa = PBXBuildFile; fileRef = 7041C45927C2639F0096909D /* short_noteTests.swift */; };
		7041C46427C2639F0096909D /* short_noteUITests.swift in Sources */ = {isa = PBXBuildFile; fileRef = 7041C46327C2639F0096909D /* short_noteUITests.swift */; };
		7041C46627C2639F0096909D /* short_noteUITestsLaunchTests.swift in Sources */ = {isa = PBXBuildFile; fileRef = 7041C46527C2639F0096909D /* short_noteUITestsLaunchTests.swift */; };
		7041CC7E29E7385D00C660AF /* PlaceholderView.swift in Sources */ = {isa = PBXBuildFile; fileRef = 7041CC7D29E7385D00C660AF /* PlaceholderView.swift */; };
		7048A8A729955D44005A1685 /* NoteViewModel.swift in Sources */ = {isa = PBXBuildFile; fileRef = 7048A8A629955D44005A1685 /* NoteViewModel.swift */; };
		7048A8A92995602B005A1685 /* NoteCell.swift in Sources */ = {isa = PBXBuildFile; fileRef = 7048A8A82995602B005A1685 /* NoteCell.swift */; };
		7048A8AB29956058005A1685 /* UIView+Extensions.swift in Sources */ = {isa = PBXBuildFile; fileRef = 7048A8AA29956058005A1685 /* UIView+Extensions.swift */; };
		7048A8AD2995672E005A1685 /* UserDefaultsManager.swift in Sources */ = {isa = PBXBuildFile; fileRef = 7048A8AC2995672E005A1685 /* UserDefaultsManager.swift */; };
		7048A8AF299589B6005A1685 /* SettingView.swift in Sources */ = {isa = PBXBuildFile; fileRef = 7048A8AE299589B6005A1685 /* SettingView.swift */; };
		7048A8B1299597A9005A1685 /* UISegmentedControl+Extensions.swift in Sources */ = {isa = PBXBuildFile; fileRef = 7048A8B0299597A9005A1685 /* UISegmentedControl+Extensions.swift */; };
		70509AB029CDF6E500372655 /* Factories.swift in Sources */ = {isa = PBXBuildFile; fileRef = 70509AAF29CDF6E500372655 /* Factories.swift */; };
		70509AB229CE144300372655 /* UIStackView+Extensions.swift in Sources */ = {isa = PBXBuildFile; fileRef = 70509AB129CE144200372655 /* UIStackView+Extensions.swift */; };
		70522CB8286B273800DC8FF4 /* ThemeManager.swift in Sources */ = {isa = PBXBuildFile; fileRef = 70522CB7286B273800DC8FF4 /* ThemeManager.swift */; };
		70522CBA286B277300DC8FF4 /* UIColor+HexValue.swift in Sources */ = {isa = PBXBuildFile; fileRef = 70522CB9286B277300DC8FF4 /* UIColor+HexValue.swift */; };
		70522CBC286B27BC00DC8FF4 /* ShortNoteTheme.swift in Sources */ = {isa = PBXBuildFile; fileRef = 70522CBB286B27BC00DC8FF4 /* ShortNoteTheme.swift */; };
		70522CBE286B280800DC8FF4 /* purpleTheme.swift in Sources */ = {isa = PBXBuildFile; fileRef = 70522CBD286B280800DC8FF4 /* purpleTheme.swift */; };
		70522CC0286B289800DC8FF4 /* greenTheme.swift in Sources */ = {isa = PBXBuildFile; fileRef = 70522CBF286B289800DC8FF4 /* greenTheme.swift */; };
		70522CC2286B4FCF00DC8FF4 /* orangeTheme.swift in Sources */ = {isa = PBXBuildFile; fileRef = 70522CC1286B4FCF00DC8FF4 /* orangeTheme.swift */; };
		70522CC4286B51D100DC8FF4 /* redTheme.swift in Sources */ = {isa = PBXBuildFile; fileRef = 70522CC3286B51D100DC8FF4 /* redTheme.swift */; };
		70522CC7286B7ACD00DC8FF4 /* darkTheme.swift in Sources */ = {isa = PBXBuildFile; fileRef = 70522CC6286B7ACD00DC8FF4 /* darkTheme.swift */; };
		70522CC9286B7F1A00DC8FF4 /* blueTheme.swift in Sources */ = {isa = PBXBuildFile; fileRef = 70522CC8286B7F1900DC8FF4 /* blueTheme.swift */; };
		70522CCB286B8B5C00DC8FF4 /* dimTheme.swift in Sources */ = {isa = PBXBuildFile; fileRef = 70522CCA286B8B5C00DC8FF4 /* dimTheme.swift */; };
		70522CCD286B8CDC00DC8FF4 /* grayTheme.swift in Sources */ = {isa = PBXBuildFile; fileRef = 70522CCC286B8CDC00DC8FF4 /* grayTheme.swift */; };
		70522CD1286B8FCB00DC8FF4 /* lightTheme2.swift in Sources */ = {isa = PBXBuildFile; fileRef = 70522CD0286B8FCB00DC8FF4 /* lightTheme2.swift */; };
		70522CD3286B91C300DC8FF4 /* yellowTheme.swift in Sources */ = {isa = PBXBuildFile; fileRef = 70522CD2286B91C300DC8FF4 /* yellowTheme.swift */; };
		709D047229DBFFB100CCF880 /* TagsController.swift in Sources */ = {isa = PBXBuildFile; fileRef = 709D047129DBFFB100CCF880 /* TagsController.swift */; };
		709D047429DC097000CCF880 /* NotesController.swift in Sources */ = {isa = PBXBuildFile; fileRef = 709D047329DC097000CCF880 /* NotesController.swift */; };
		709D047729DC374600CCF880 /* TagCell.swift in Sources */ = {isa = PBXBuildFile; fileRef = 709D047629DC374600CCF880 /* TagCell.swift */; };
		709D047929DC55DE00CCF880 /* Theme.swift in Sources */ = {isa = PBXBuildFile; fileRef = 709D047829DC55DE00CCF880 /* Theme.swift */; };
		709D047B29DC56D600CCF880 /* ThemesController.swift in Sources */ = {isa = PBXBuildFile; fileRef = 709D047A29DC56D600CCF880 /* ThemesController.swift */; };
		709D047D29DC574500CCF880 /* ThemeCell.swift in Sources */ = {isa = PBXBuildFile; fileRef = 709D047C29DC574500CCF880 /* ThemeCell.swift */; };
		709D047F29DCCFA900CCF880 /* SettingCell.swift in Sources */ = {isa = PBXBuildFile; fileRef = 709D047E29DCCFA800CCF880 /* SettingCell.swift */; };
		709D048129DCD16000CCF880 /* SettingViewModel.swift in Sources */ = {isa = PBXBuildFile; fileRef = 709D048029DCD16000CCF880 /* SettingViewModel.swift */; };
		709D048329DCDBA500CCF880 /* SettingHeader.swift in Sources */ = {isa = PBXBuildFile; fileRef = 709D048229DCDBA500CCF880 /* SettingHeader.swift */; };
		709D04B229DEE09A00CCF880 /* UIGraphicsPDFRendererContext+Extensions.swift in Sources */ = {isa = PBXBuildFile; fileRef = 709D04B129DEE09A00CCF880 /* UIGraphicsPDFRendererContext+Extensions.swift */; };
		709D04B429DEE0BE00CCF880 /* NSAttributedString+Extensions.swift in Sources */ = {isa = PBXBuildFile; fileRef = 709D04B329DEE0BE00CCF880 /* NSAttributedString+Extensions.swift */; };
		709D04BE29DEF81D00CCF880 /* PreviewController.swift in Sources */ = {isa = PBXBuildFile; fileRef = 709D04B829DEE19400CCF880 /* PreviewController.swift */; };
		709D04BF29DEF81D00CCF880 /* PDFContoller.swift in Sources */ = {isa = PBXBuildFile; fileRef = 709D04BA29DEE1A600CCF880 /* PDFContoller.swift */; };
		709D248929E095ED0067C7C2 /* UISearchBar+Extensions.swift in Sources */ = {isa = PBXBuildFile; fileRef = 709D248829E095ED0067C7C2 /* UISearchBar+Extensions.swift */; };
		709E3A312966E992006C6579 /* UIContextualAction+Extensions.swift in Sources */ = {isa = PBXBuildFile; fileRef = 709E3A302966E992006C6579 /* UIContextualAction+Extensions.swift */; };
		709E3A352969B55B006C6579 /* UITextField+Extensions.swift in Sources */ = {isa = PBXBuildFile; fileRef = 709E3A342969B55B006C6579 /* UITextField+Extensions.swift */; };
		70ABB75628548A6E0075B4D0 /* Date+Format.swift in Sources */ = {isa = PBXBuildFile; fileRef = 70ABB75528548A6E0075B4D0 /* Date+Format.swift */; };
		70AE09FF27DB3A3F0098E3EC /* RecentlyDeletedController.swift in Sources */ = {isa = PBXBuildFile; fileRef = 70AE09FE27DB3A3F0098E3EC /* RecentlyDeletedController.swift */; };
		70BCD553299834DA000D89B7 /* UIViewController+Extensions.swift in Sources */ = {isa = PBXBuildFile; fileRef = 70BCD552299834DA000D89B7 /* UIViewController+Extensions.swift */; };
		70CC859927D7A60B00ED0C89 /* NoteSettingsController.swift in Sources */ = {isa = PBXBuildFile; fileRef = 70CC859827D7A60B00ED0C89 /* NoteSettingsController.swift */; };
		70D26B3E27C26EAF00EEA85F /* AddController.swift in Sources */ = {isa = PBXBuildFile; fileRef = 70D26B3D27C26EAF00EEA85F /* AddController.swift */; };
		70D7864E27C7AE96004FB48D /* ShortNote.swift in Sources */ = {isa = PBXBuildFile; fileRef = 70D7864D27C7AE96004FB48D /* ShortNote.swift */; };
		70DE2D2227C386FE00F7FDD2 /* SettingsController.swift in Sources */ = {isa = PBXBuildFile; fileRef = 70DE2D2127C386FE00F7FDD2 /* SettingsController.swift */; };
/* End PBXBuildFile section */

/* Begin PBXContainerItemProxy section */
		7041C45627C2639F0096909D /* PBXContainerItemProxy */ = {
			isa = PBXContainerItemProxy;
			containerPortal = 7041C43427C2639A0096909D /* Project object */;
			proxyType = 1;
			remoteGlobalIDString = 7041C43B27C2639A0096909D;
			remoteInfo = "short note";
		};
		7041C46027C2639F0096909D /* PBXContainerItemProxy */ = {
			isa = PBXContainerItemProxy;
			containerPortal = 7041C43427C2639A0096909D /* Project object */;
			proxyType = 1;
			remoteGlobalIDString = 7041C43B27C2639A0096909D;
			remoteInfo = "short note";
		};
/* End PBXContainerItemProxy section */

/* Begin PBXFileReference section */
		7005EB89285E5745003F3850 /* UIButton+Extensions.swift */ = {isa = PBXFileReference; lastKnownFileType = sourcecode.swift; path = "UIButton+Extensions.swift"; sourceTree = "<group>"; };
		7005EB8C285E57C2003F3850 /* Date+Subtract.swift */ = {isa = PBXFileReference; lastKnownFileType = sourcecode.swift; path = "Date+Subtract.swift"; sourceTree = "<group>"; };
		70088B6829E46F8C00157F33 /* short note.entitlements */ = {isa = PBXFileReference; lastKnownFileType = text.plist.entitlements; path = "short note.entitlements"; sourceTree = "<group>"; };
		702B703127D7BF060003FE1C /* HiddenController.swift */ = {isa = PBXFileReference; lastKnownFileType = sourcecode.swift; path = HiddenController.swift; sourceTree = "<group>"; };
		703AF4F928D7A0F30097DFDF /* Constants.swift */ = {isa = PBXFileReference; lastKnownFileType = sourcecode.swift; path = Constants.swift; sourceTree = "<group>"; };
		703D7CD829E7AFFE0020360D /* grayTheme2.swift */ = {isa = PBXFileReference; lastKnownFileType = sourcecode.swift; path = grayTheme2.swift; sourceTree = "<group>"; };
		703D7CDA29E7B0320020360D /* indigoTheme.swift */ = {isa = PBXFileReference; lastKnownFileType = sourcecode.swift; path = indigoTheme.swift; sourceTree = "<group>"; };
		703D7CDC29E7B04F0020360D /* pinkTheme.swift */ = {isa = PBXFileReference; lastKnownFileType = sourcecode.swift; path = pinkTheme.swift; sourceTree = "<group>"; };
		703D7CDE29E7B07C0020360D /* brownTheme.swift */ = {isa = PBXFileReference; lastKnownFileType = sourcecode.swift; path = brownTheme.swift; sourceTree = "<group>"; };
		703D7CE029E7B0990020360D /* greenTheme2.swift */ = {isa = PBXFileReference; lastKnownFileType = sourcecode.swift; path = greenTheme2.swift; sourceTree = "<group>"; };
		703D7CE229E7B0AD0020360D /* grayTheme5.swift */ = {isa = PBXFileReference; lastKnownFileType = sourcecode.swift; path = grayTheme5.swift; sourceTree = "<group>"; };
		703D7CE429E7B0C60020360D /* grayTheme4.swift */ = {isa = PBXFileReference; lastKnownFileType = sourcecode.swift; path = grayTheme4.swift; sourceTree = "<group>"; };
		703D7CE629E7B0ED0020360D /* grayTheme3.swift */ = {isa = PBXFileReference; lastKnownFileType = sourcecode.swift; path = grayTheme3.swift; sourceTree = "<group>"; };
		703D7CE829E7B1270020360D /* lightTheme6.swift */ = {isa = PBXFileReference; lastKnownFileType = sourcecode.swift; path = lightTheme6.swift; sourceTree = "<group>"; };
		703D7CEA29E7B17D0020360D /* lightTheme11.swift */ = {isa = PBXFileReference; lastKnownFileType = sourcecode.swift; path = lightTheme11.swift; sourceTree = "<group>"; };
		703D7CEC29E7B1AA0020360D /* lightTheme.swift */ = {isa = PBXFileReference; lastKnownFileType = sourcecode.swift; path = lightTheme.swift; sourceTree = "<group>"; };
		703D7CEE29E7B1D10020360D /* lightTheme3.swift */ = {isa = PBXFileReference; lastKnownFileType = sourcecode.swift; path = lightTheme3.swift; sourceTree = "<group>"; };
		703D7CF029E7B1EB0020360D /* lightTheme10.swift */ = {isa = PBXFileReference; lastKnownFileType = sourcecode.swift; path = lightTheme10.swift; sourceTree = "<group>"; };
		703D7CF229E7B2430020360D /* lightTheme5.swift */ = {isa = PBXFileReference; lastKnownFileType = sourcecode.swift; path = lightTheme5.swift; sourceTree = "<group>"; };
		703D7CF429E7B25F0020360D /* lightTheme12.swift */ = {isa = PBXFileReference; lastKnownFileType = sourcecode.swift; path = lightTheme12.swift; sourceTree = "<group>"; };
		703D7CF629E7B2740020360D /* lightTheme9.swift */ = {isa = PBXFileReference; lastKnownFileType = sourcecode.swift; path = lightTheme9.swift; sourceTree = "<group>"; };
		703D7CF829E7B2950020360D /* lightTheme7.swift */ = {isa = PBXFileReference; lastKnownFileType = sourcecode.swift; path = lightTheme7.swift; sourceTree = "<group>"; };
		703D7CFA29E7B2B30020360D /* lightTheme4.swift */ = {isa = PBXFileReference; lastKnownFileType = sourcecode.swift; path = lightTheme4.swift; sourceTree = "<group>"; };
		703D7CFC29E7B2C20020360D /* lightTheme13.swift */ = {isa = PBXFileReference; lastKnownFileType = sourcecode.swift; path = lightTheme13.swift; sourceTree = "<group>"; };
		703D7CFE29E7B2E70020360D /* lightTheme8.swift */ = {isa = PBXFileReference; lastKnownFileType = sourcecode.swift; path = lightTheme8.swift; sourceTree = "<group>"; };
		7041C43C27C2639A0096909D /* short note.app */ = {isa = PBXFileReference; explicitFileType = wrapper.application; includeInIndex = 0; path = "short note.app"; sourceTree = BUILT_PRODUCTS_DIR; };
		7041C43F27C2639A0096909D /* AppDelegate.swift */ = {isa = PBXFileReference; lastKnownFileType = sourcecode.swift; path = AppDelegate.swift; sourceTree = "<group>"; };
		7041C44327C2639A0096909D /* HomeController.swift */ = {isa = PBXFileReference; lastKnownFileType = sourcecode.swift; path = HomeController.swift; sourceTree = "<group>"; };
		7041C44927C2639A0096909D /* short_note.xcdatamodel */ = {isa = PBXFileReference; lastKnownFileType = wrapper.xcdatamodel; path = short_note.xcdatamodel; sourceTree = "<group>"; };
		7041C44B27C2639F0096909D /* Assets.xcassets */ = {isa = PBXFileReference; lastKnownFileType = folder.assetcatalog; path = Assets.xcassets; sourceTree = "<group>"; };
		7041C44E27C2639F0096909D /* Base */ = {isa = PBXFileReference; lastKnownFileType = file.storyboard; name = Base; path = Base.lproj/LaunchScreen.storyboard; sourceTree = "<group>"; };
		7041C45027C2639F0096909D /* Info.plist */ = {isa = PBXFileReference; lastKnownFileType = text.plist.xml; path = Info.plist; sourceTree = "<group>"; };
		7041C45527C2639F0096909D /* short noteTests.xctest */ = {isa = PBXFileReference; explicitFileType = wrapper.cfbundle; includeInIndex = 0; path = "short noteTests.xctest"; sourceTree = BUILT_PRODUCTS_DIR; };
		7041C45927C2639F0096909D /* short_noteTests.swift */ = {isa = PBXFileReference; lastKnownFileType = sourcecode.swift; path = short_noteTests.swift; sourceTree = "<group>"; };
		7041C45F27C2639F0096909D /* short noteUITests.xctest */ = {isa = PBXFileReference; explicitFileType = wrapper.cfbundle; includeInIndex = 0; path = "short noteUITests.xctest"; sourceTree = BUILT_PRODUCTS_DIR; };
		7041C46327C2639F0096909D /* short_noteUITests.swift */ = {isa = PBXFileReference; lastKnownFileType = sourcecode.swift; path = short_noteUITests.swift; sourceTree = "<group>"; };
		7041C46527C2639F0096909D /* short_noteUITestsLaunchTests.swift */ = {isa = PBXFileReference; lastKnownFileType = sourcecode.swift; path = short_noteUITestsLaunchTests.swift; sourceTree = "<group>"; };
		7041CC7D29E7385D00C660AF /* PlaceholderView.swift */ = {isa = PBXFileReference; lastKnownFileType = sourcecode.swift; path = PlaceholderView.swift; sourceTree = "<group>"; };
		7048A8A629955D44005A1685 /* NoteViewModel.swift */ = {isa = PBXFileReference; lastKnownFileType = sourcecode.swift; path = NoteViewModel.swift; sourceTree = "<group>"; };
		7048A8A82995602B005A1685 /* NoteCell.swift */ = {isa = PBXFileReference; lastKnownFileType = sourcecode.swift; path = NoteCell.swift; sourceTree = "<group>"; };
		7048A8AA29956058005A1685 /* UIView+Extensions.swift */ = {isa = PBXFileReference; lastKnownFileType = sourcecode.swift; path = "UIView+Extensions.swift"; sourceTree = "<group>"; };
		7048A8AC2995672E005A1685 /* UserDefaultsManager.swift */ = {isa = PBXFileReference; lastKnownFileType = sourcecode.swift; path = UserDefaultsManager.swift; sourceTree = "<group>"; };
		7048A8AE299589B6005A1685 /* SettingView.swift */ = {isa = PBXFileReference; lastKnownFileType = sourcecode.swift; path = SettingView.swift; sourceTree = "<group>"; };
		7048A8B0299597A9005A1685 /* UISegmentedControl+Extensions.swift */ = {isa = PBXFileReference; lastKnownFileType = sourcecode.swift; path = "UISegmentedControl+Extensions.swift"; sourceTree = "<group>"; };
		70509AAF29CDF6E500372655 /* Factories.swift */ = {isa = PBXFileReference; lastKnownFileType = sourcecode.swift; path = Factories.swift; sourceTree = "<group>"; };
		70509AB129CE144200372655 /* UIStackView+Extensions.swift */ = {isa = PBXFileReference; lastKnownFileType = sourcecode.swift; path = "UIStackView+Extensions.swift"; sourceTree = "<group>"; };
		70522CB7286B273800DC8FF4 /* ThemeManager.swift */ = {isa = PBXFileReference; lastKnownFileType = sourcecode.swift; path = ThemeManager.swift; sourceTree = "<group>"; };
		70522CB9286B277300DC8FF4 /* UIColor+HexValue.swift */ = {isa = PBXFileReference; lastKnownFileType = sourcecode.swift; path = "UIColor+HexValue.swift"; sourceTree = "<group>"; };
		70522CBB286B27BC00DC8FF4 /* ShortNoteTheme.swift */ = {isa = PBXFileReference; lastKnownFileType = sourcecode.swift; path = ShortNoteTheme.swift; sourceTree = "<group>"; };
		70522CBD286B280800DC8FF4 /* purpleTheme.swift */ = {isa = PBXFileReference; lastKnownFileType = sourcecode.swift; path = purpleTheme.swift; sourceTree = "<group>"; };
		70522CBF286B289800DC8FF4 /* greenTheme.swift */ = {isa = PBXFileReference; lastKnownFileType = sourcecode.swift; path = greenTheme.swift; sourceTree = "<group>"; };
		70522CC1286B4FCF00DC8FF4 /* orangeTheme.swift */ = {isa = PBXFileReference; lastKnownFileType = sourcecode.swift; path = orangeTheme.swift; sourceTree = "<group>"; };
		70522CC3286B51D100DC8FF4 /* redTheme.swift */ = {isa = PBXFileReference; lastKnownFileType = sourcecode.swift; path = redTheme.swift; sourceTree = "<group>"; };
		70522CC6286B7ACD00DC8FF4 /* darkTheme.swift */ = {isa = PBXFileReference; lastKnownFileType = sourcecode.swift; path = darkTheme.swift; sourceTree = "<group>"; };
		70522CC8286B7F1900DC8FF4 /* blueTheme.swift */ = {isa = PBXFileReference; lastKnownFileType = sourcecode.swift; path = blueTheme.swift; sourceTree = "<group>"; };
		70522CCA286B8B5C00DC8FF4 /* dimTheme.swift */ = {isa = PBXFileReference; lastKnownFileType = sourcecode.swift; path = dimTheme.swift; sourceTree = "<group>"; };
		70522CCC286B8CDC00DC8FF4 /* grayTheme.swift */ = {isa = PBXFileReference; lastKnownFileType = sourcecode.swift; path = grayTheme.swift; sourceTree = "<group>"; };
		70522CD0286B8FCB00DC8FF4 /* lightTheme2.swift */ = {isa = PBXFileReference; lastKnownFileType = sourcecode.swift; path = lightTheme2.swift; sourceTree = "<group>"; };
		70522CD2286B91C300DC8FF4 /* yellowTheme.swift */ = {isa = PBXFileReference; lastKnownFileType = sourcecode.swift; path = yellowTheme.swift; sourceTree = "<group>"; };
		709D047129DBFFB100CCF880 /* TagsController.swift */ = {isa = PBXFileReference; lastKnownFileType = sourcecode.swift; path = TagsController.swift; sourceTree = "<group>"; };
		709D047329DC097000CCF880 /* NotesController.swift */ = {isa = PBXFileReference; lastKnownFileType = sourcecode.swift; path = NotesController.swift; sourceTree = "<group>"; };
		709D047629DC374600CCF880 /* TagCell.swift */ = {isa = PBXFileReference; lastKnownFileType = sourcecode.swift; path = TagCell.swift; sourceTree = "<group>"; };
		709D047829DC55DE00CCF880 /* Theme.swift */ = {isa = PBXFileReference; lastKnownFileType = sourcecode.swift; path = Theme.swift; sourceTree = "<group>"; };
		709D047A29DC56D600CCF880 /* ThemesController.swift */ = {isa = PBXFileReference; lastKnownFileType = sourcecode.swift; path = ThemesController.swift; sourceTree = "<group>"; };
		709D047C29DC574500CCF880 /* ThemeCell.swift */ = {isa = PBXFileReference; lastKnownFileType = sourcecode.swift; path = ThemeCell.swift; sourceTree = "<group>"; };
		709D047E29DCCFA800CCF880 /* SettingCell.swift */ = {isa = PBXFileReference; lastKnownFileType = sourcecode.swift; path = SettingCell.swift; sourceTree = "<group>"; };
		709D048029DCD16000CCF880 /* SettingViewModel.swift */ = {isa = PBXFileReference; lastKnownFileType = sourcecode.swift; path = SettingViewModel.swift; sourceTree = "<group>"; };
		709D048229DCDBA500CCF880 /* SettingHeader.swift */ = {isa = PBXFileReference; lastKnownFileType = sourcecode.swift; path = SettingHeader.swift; sourceTree = "<group>"; };
		709D04B129DEE09A00CCF880 /* UIGraphicsPDFRendererContext+Extensions.swift */ = {isa = PBXFileReference; lastKnownFileType = sourcecode.swift; path = "UIGraphicsPDFRendererContext+Extensions.swift"; sourceTree = "<group>"; };
		709D04B329DEE0BE00CCF880 /* NSAttributedString+Extensions.swift */ = {isa = PBXFileReference; lastKnownFileType = sourcecode.swift; path = "NSAttributedString+Extensions.swift"; sourceTree = "<group>"; };
		709D04B829DEE19400CCF880 /* PreviewController.swift */ = {isa = PBXFileReference; lastKnownFileType = sourcecode.swift; path = PreviewController.swift; sourceTree = "<group>"; };
		709D04BA29DEE1A600CCF880 /* PDFContoller.swift */ = {isa = PBXFileReference; lastKnownFileType = sourcecode.swift; path = PDFContoller.swift; sourceTree = "<group>"; };
		709D248829E095ED0067C7C2 /* UISearchBar+Extensions.swift */ = {isa = PBXFileReference; lastKnownFileType = sourcecode.swift; path = "UISearchBar+Extensions.swift"; sourceTree = "<group>"; };
		709E3A302966E992006C6579 /* UIContextualAction+Extensions.swift */ = {isa = PBXFileReference; lastKnownFileType = sourcecode.swift; path = "UIContextualAction+Extensions.swift"; sourceTree = "<group>"; };
		709E3A342969B55B006C6579 /* UITextField+Extensions.swift */ = {isa = PBXFileReference; lastKnownFileType = sourcecode.swift; path = "UITextField+Extensions.swift"; sourceTree = "<group>"; };
		70ABB75528548A6E0075B4D0 /* Date+Format.swift */ = {isa = PBXFileReference; lastKnownFileType = sourcecode.swift; path = "Date+Format.swift"; sourceTree = "<group>"; };
		70AE09FE27DB3A3F0098E3EC /* RecentlyDeletedController.swift */ = {isa = PBXFileReference; lastKnownFileType = sourcecode.swift; path = RecentlyDeletedController.swift; sourceTree = "<group>"; };
		70BCD552299834DA000D89B7 /* UIViewController+Extensions.swift */ = {isa = PBXFileReference; lastKnownFileType = sourcecode.swift; path = "UIViewController+Extensions.swift"; sourceTree = "<group>"; };
		70CC859827D7A60B00ED0C89 /* NoteSettingsController.swift */ = {isa = PBXFileReference; lastKnownFileType = sourcecode.swift; path = NoteSettingsController.swift; sourceTree = "<group>"; };
		70D26B3D27C26EAF00EEA85F /* AddController.swift */ = {isa = PBXFileReference; lastKnownFileType = sourcecode.swift; path = AddController.swift; sourceTree = "<group>"; };
		70D7864D27C7AE96004FB48D /* ShortNote.swift */ = {isa = PBXFileReference; lastKnownFileType = sourcecode.swift; path = ShortNote.swift; sourceTree = "<group>"; };
		70DE2D2127C386FE00F7FDD2 /* SettingsController.swift */ = {isa = PBXFileReference; lastKnownFileType = sourcecode.swift; path = SettingsController.swift; sourceTree = "<group>"; };
/* End PBXFileReference section */

/* Begin PBXFrameworksBuildPhase section */
		7041C43927C2639A0096909D /* Frameworks */ = {
			isa = PBXFrameworksBuildPhase;
			buildActionMask = 2147483647;
			files = (
			);
			runOnlyForDeploymentPostprocessing = 0;
		};
		7041C45227C2639F0096909D /* Frameworks */ = {
			isa = PBXFrameworksBuildPhase;
			buildActionMask = 2147483647;
			files = (
			);
			runOnlyForDeploymentPostprocessing = 0;
		};
		7041C45C27C2639F0096909D /* Frameworks */ = {
			isa = PBXFrameworksBuildPhase;
			buildActionMask = 2147483647;
			files = (
			);
			runOnlyForDeploymentPostprocessing = 0;
		};
/* End PBXFrameworksBuildPhase section */

/* Begin PBXGroup section */
		7005EB8B285E5779003F3850 /* UIKit Extensions */ = {
			isa = PBXGroup;
			children = (
				7005EB89285E5745003F3850 /* UIButton+Extensions.swift */,
				70522CB9286B277300DC8FF4 /* UIColor+HexValue.swift */,
				709E3A302966E992006C6579 /* UIContextualAction+Extensions.swift */,
				709E3A342969B55B006C6579 /* UITextField+Extensions.swift */,
				7048A8AA29956058005A1685 /* UIView+Extensions.swift */,
				7048A8B0299597A9005A1685 /* UISegmentedControl+Extensions.swift */,
				70BCD552299834DA000D89B7 /* UIViewController+Extensions.swift */,
				70509AB129CE144200372655 /* UIStackView+Extensions.swift */,
				709D04B129DEE09A00CCF880 /* UIGraphicsPDFRendererContext+Extensions.swift */,
				709D248829E095ED0067C7C2 /* UISearchBar+Extensions.swift */,
			);
			path = "UIKit Extensions";
			sourceTree = "<group>";
		};
		7041C43327C2639A0096909D = {
			isa = PBXGroup;
			children = (
				7041C43E27C2639A0096909D /* short note */,
				7041C45827C2639F0096909D /* short noteTests */,
				7041C46227C2639F0096909D /* short noteUITests */,
				7041C43D27C2639A0096909D /* Products */,
			);
			sourceTree = "<group>";
		};
		7041C43D27C2639A0096909D /* Products */ = {
			isa = PBXGroup;
			children = (
				7041C43C27C2639A0096909D /* short note.app */,
				7041C45527C2639F0096909D /* short noteTests.xctest */,
				7041C45F27C2639F0096909D /* short noteUITests.xctest */,
			);
			name = Products;
			sourceTree = "<group>";
		};
		7041C43E27C2639A0096909D /* short note */ = {
			isa = PBXGroup;
			children = (
				703AF4F928D7A0F30097DFDF /* Constants.swift */,
				70509AAF29CDF6E500372655 /* Factories.swift */,
				7041C47527C265240096909D /* Model */,
				7041C47227C264DA0096909D /* View */,
				7048A8A529955D2C005A1685 /* ViewModel */,
				7041C47327C264E50096909D /* Controller */,
				709D047529DC347B00CCF880 /* Files */,
				709E3A2F2966E6C1006C6579 /* Extensions */,
			);
			path = "short note";
			sourceTree = "<group>";
		};
		7041C45827C2639F0096909D /* short noteTests */ = {
			isa = PBXGroup;
			children = (
				7041C45927C2639F0096909D /* short_noteTests.swift */,
			);
			path = "short noteTests";
			sourceTree = "<group>";
		};
		7041C46227C2639F0096909D /* short noteUITests */ = {
			isa = PBXGroup;
			children = (
				7041C46327C2639F0096909D /* short_noteUITests.swift */,
				7041C46527C2639F0096909D /* short_noteUITestsLaunchTests.swift */,
			);
			path = "short noteUITests";
			sourceTree = "<group>";
		};
		7041C47227C264DA0096909D /* View */ = {
			isa = PBXGroup;
			children = (
				7048A8A82995602B005A1685 /* NoteCell.swift */,
				7048A8AE299589B6005A1685 /* SettingView.swift */,
				709D047629DC374600CCF880 /* TagCell.swift */,
				709D047C29DC574500CCF880 /* ThemeCell.swift */,
				709D047E29DCCFA800CCF880 /* SettingCell.swift */,
				709D048229DCDBA500CCF880 /* SettingHeader.swift */,
				7041CC7D29E7385D00C660AF /* PlaceholderView.swift */,
			);
			path = View;
			sourceTree = "<group>";
		};
		7041C47327C264E50096909D /* Controller */ = {
			isa = PBXGroup;
			children = (
				7041C44327C2639A0096909D /* HomeController.swift */,
				70D26B3D27C26EAF00EEA85F /* AddController.swift */,
				70DE2D2127C386FE00F7FDD2 /* SettingsController.swift */,
				709D047129DBFFB100CCF880 /* TagsController.swift */,
				709D047329DC097000CCF880 /* NotesController.swift */,
				709D047A29DC56D600CCF880 /* ThemesController.swift */,
				702B703127D7BF060003FE1C /* HiddenController.swift */,
				709D04BA29DEE1A600CCF880 /* PDFContoller.swift */,
				709D04B829DEE19400CCF880 /* PreviewController.swift */,
				70CC859827D7A60B00ED0C89 /* NoteSettingsController.swift */,
				70AE09FE27DB3A3F0098E3EC /* RecentlyDeletedController.swift */,
			);
			path = Controller;
			sourceTree = "<group>";
		};
		7041C47527C265240096909D /* Model */ = {
			isa = PBXGroup;
			children = (
				7041C44827C2639A0096909D /* Note.xcdatamodeld */,
				70D7864D27C7AE96004FB48D /* ShortNote.swift */,
				709D047829DC55DE00CCF880 /* Theme.swift */,
				70522CB7286B273800DC8FF4 /* ThemeManager.swift */,
				70522CBB286B27BC00DC8FF4 /* ShortNoteTheme.swift */,
				7048A8AC2995672E005A1685 /* UserDefaultsManager.swift */,
				70522CC5286B775F00DC8FF4 /* Color Themes */,
			);
			path = Model;
			sourceTree = "<group>";
		};
		7048A8A529955D2C005A1685 /* ViewModel */ = {
			isa = PBXGroup;
			children = (
				7048A8A629955D44005A1685 /* NoteViewModel.swift */,
				709D048029DCD16000CCF880 /* SettingViewModel.swift */,
			);
			path = ViewModel;
			sourceTree = "<group>";
		};
		70522CC5286B775F00DC8FF4 /* Color Themes */ = {
			isa = PBXGroup;
			children = (
				70522CC8286B7F1900DC8FF4 /* blueTheme.swift */,
				703D7CDA29E7B0320020360D /* indigoTheme.swift */,
				70522CBD286B280800DC8FF4 /* purpleTheme.swift */,
				70522CC3286B51D100DC8FF4 /* redTheme.swift */,
				703D7CDC29E7B04F0020360D /* pinkTheme.swift */,
				70522CBF286B289800DC8FF4 /* greenTheme.swift */,
				703D7CE029E7B0990020360D /* greenTheme2.swift */,
				70522CD2286B91C300DC8FF4 /* yellowTheme.swift */,
				70522CC1286B4FCF00DC8FF4 /* orangeTheme.swift */,
				703D7CDE29E7B07C0020360D /* brownTheme.swift */,
				70522CCC286B8CDC00DC8FF4 /* grayTheme.swift */,
				703D7CD829E7AFFE0020360D /* grayTheme2.swift */,
				703D7CE629E7B0ED0020360D /* grayTheme3.swift */,
				703D7CE429E7B0C60020360D /* grayTheme4.swift */,
				703D7CE229E7B0AD0020360D /* grayTheme5.swift */,
				70522CCA286B8B5C00DC8FF4 /* dimTheme.swift */,
				70522CC6286B7ACD00DC8FF4 /* darkTheme.swift */,
				703D7CEC29E7B1AA0020360D /* lightTheme.swift */,
				70522CD0286B8FCB00DC8FF4 /* lightTheme2.swift */,
				703D7CEE29E7B1D10020360D /* lightTheme3.swift */,
				703D7CFA29E7B2B30020360D /* lightTheme4.swift */,
				703D7CF229E7B2430020360D /* lightTheme5.swift */,
				703D7CE829E7B1270020360D /* lightTheme6.swift */,
				703D7CF829E7B2950020360D /* lightTheme7.swift */,
				703D7CFE29E7B2E70020360D /* lightTheme8.swift */,
				703D7CF629E7B2740020360D /* lightTheme9.swift */,
				703D7CF029E7B1EB0020360D /* lightTheme10.swift */,
				703D7CEA29E7B17D0020360D /* lightTheme11.swift */,
				703D7CF429E7B25F0020360D /* lightTheme12.swift */,
				703D7CFC29E7B2C20020360D /* lightTheme13.swift */,
			);
			path = "Color Themes";
			sourceTree = "<group>";
		};
		709D047529DC347B00CCF880 /* Files */ = {
			isa = PBXGroup;
			children = (
				7041C43F27C2639A0096909D /* AppDelegate.swift */,
				7041C44B27C2639F0096909D /* Assets.xcassets */,
				7041C44D27C2639F0096909D /* LaunchScreen.storyboard */,
				7041C45027C2639F0096909D /* Info.plist */,
				70088B6829E46F8C00157F33 /* short note.entitlements */,
			);
			name = Files;
			sourceTree = "<group>";
		};
		709E3A2F2966E6C1006C6579 /* Extensions */ = {
			isa = PBXGroup;
			children = (
				7005EB8B285E5779003F3850 /* UIKit Extensions */,
				70ABB75728548A800075B4D0 /* Swift Extensions */,
			);
			path = Extensions;
			sourceTree = "<group>";
		};
		70ABB75728548A800075B4D0 /* Swift Extensions */ = {
			isa = PBXGroup;
			children = (
				70ABB75528548A6E0075B4D0 /* Date+Format.swift */,
				7005EB8C285E57C2003F3850 /* Date+Subtract.swift */,
				709D04B329DEE0BE00CCF880 /* NSAttributedString+Extensions.swift */,
			);
			path = "Swift Extensions";
			sourceTree = "<group>";
		};
/* End PBXGroup section */

/* Begin PBXNativeTarget section */
		7041C43B27C2639A0096909D /* short note */ = {
			isa = PBXNativeTarget;
			buildConfigurationList = 7041C46927C2639F0096909D /* Build configuration list for PBXNativeTarget "short note" */;
			buildPhases = (
				7041C43827C2639A0096909D /* Sources */,
				7041C43927C2639A0096909D /* Frameworks */,
				7041C43A27C2639A0096909D /* Resources */,
			);
			buildRules = (
			);
			dependencies = (
			);
			name = "short note";
			productName = "short note";
			productReference = 7041C43C27C2639A0096909D /* short note.app */;
			productType = "com.apple.product-type.application";
		};
		7041C45427C2639F0096909D /* short noteTests */ = {
			isa = PBXNativeTarget;
			buildConfigurationList = 7041C46C27C2639F0096909D /* Build configuration list for PBXNativeTarget "short noteTests" */;
			buildPhases = (
				7041C45127C2639F0096909D /* Sources */,
				7041C45227C2639F0096909D /* Frameworks */,
				7041C45327C2639F0096909D /* Resources */,
			);
			buildRules = (
			);
			dependencies = (
				7041C45727C2639F0096909D /* PBXTargetDependency */,
			);
			name = "short noteTests";
			productName = "short noteTests";
			productReference = 7041C45527C2639F0096909D /* short noteTests.xctest */;
			productType = "com.apple.product-type.bundle.unit-test";
		};
		7041C45E27C2639F0096909D /* short noteUITests */ = {
			isa = PBXNativeTarget;
			buildConfigurationList = 7041C46F27C2639F0096909D /* Build configuration list for PBXNativeTarget "short noteUITests" */;
			buildPhases = (
				7041C45B27C2639F0096909D /* Sources */,
				7041C45C27C2639F0096909D /* Frameworks */,
				7041C45D27C2639F0096909D /* Resources */,
			);
			buildRules = (
			);
			dependencies = (
				7041C46127C2639F0096909D /* PBXTargetDependency */,
			);
			name = "short noteUITests";
			productName = "short noteUITests";
			productReference = 7041C45F27C2639F0096909D /* short noteUITests.xctest */;
			productType = "com.apple.product-type.bundle.ui-testing";
		};
/* End PBXNativeTarget section */

/* Begin PBXProject section */
		7041C43427C2639A0096909D /* Project object */ = {
			isa = PBXProject;
			attributes = {
				BuildIndependentTargetsInParallel = 1;
				LastSwiftUpdateCheck = 1320;
				LastUpgradeCheck = 1340;
				TargetAttributes = {
					7041C43B27C2639A0096909D = {
						CreatedOnToolsVersion = 13.2.1;
					};
					7041C45427C2639F0096909D = {
						CreatedOnToolsVersion = 13.2.1;
						TestTargetID = 7041C43B27C2639A0096909D;
					};
					7041C45E27C2639F0096909D = {
						CreatedOnToolsVersion = 13.2.1;
						TestTargetID = 7041C43B27C2639A0096909D;
					};
				};
			};
			buildConfigurationList = 7041C43727C2639A0096909D /* Build configuration list for PBXProject "short note" */;
			compatibilityVersion = "Xcode 13.0";
			developmentRegion = en;
			hasScannedForEncodings = 0;
			knownRegions = (
				en,
				Base,
			);
			mainGroup = 7041C43327C2639A0096909D;
			productRefGroup = 7041C43D27C2639A0096909D /* Products */;
			projectDirPath = "";
			projectRoot = "";
			targets = (
				7041C43B27C2639A0096909D /* short note */,
				7041C45427C2639F0096909D /* short noteTests */,
				7041C45E27C2639F0096909D /* short noteUITests */,
			);
		};
/* End PBXProject section */

/* Begin PBXResourcesBuildPhase section */
		7041C43A27C2639A0096909D /* Resources */ = {
			isa = PBXResourcesBuildPhase;
			buildActionMask = 2147483647;
			files = (
				7041C44F27C2639F0096909D /* LaunchScreen.storyboard in Resources */,
				7041C44C27C2639F0096909D /* Assets.xcassets in Resources */,
			);
			runOnlyForDeploymentPostprocessing = 0;
		};
		7041C45327C2639F0096909D /* Resources */ = {
			isa = PBXResourcesBuildPhase;
			buildActionMask = 2147483647;
			files = (
			);
			runOnlyForDeploymentPostprocessing = 0;
		};
		7041C45D27C2639F0096909D /* Resources */ = {
			isa = PBXResourcesBuildPhase;
			buildActionMask = 2147483647;
			files = (
			);
			runOnlyForDeploymentPostprocessing = 0;
		};
/* End PBXResourcesBuildPhase section */

/* Begin PBXSourcesBuildPhase section */
		7041C43827C2639A0096909D /* Sources */ = {
			isa = PBXSourcesBuildPhase;
			buildActionMask = 2147483647;
			files = (
				702B703227D7BF060003FE1C /* HiddenController.swift in Sources */,
				70522CD1286B8FCB00DC8FF4 /* lightTheme2.swift in Sources */,
				709D048329DCDBA500CCF880 /* SettingHeader.swift in Sources */,
				709D047229DBFFB100CCF880 /* TagsController.swift in Sources */,
				70D7864E27C7AE96004FB48D /* ShortNote.swift in Sources */,
				703D7CE329E7B0AD0020360D /* grayTheme5.swift in Sources */,
				703D7CF329E7B2430020360D /* lightTheme5.swift in Sources */,
				709D04BF29DEF81D00CCF880 /* PDFContoller.swift in Sources */,
				7048A8A92995602B005A1685 /* NoteCell.swift in Sources */,
				709D047D29DC574500CCF880 /* ThemeCell.swift in Sources */,
				7041C44A27C2639B0096909D /* Note.xcdatamodeld in Sources */,
				70CC859927D7A60B00ED0C89 /* NoteSettingsController.swift in Sources */,
				709D047F29DCCFA900CCF880 /* SettingCell.swift in Sources */,
				703D7CD929E7AFFE0020360D /* grayTheme2.swift in Sources */,
				703D7CF129E7B1EB0020360D /* lightTheme10.swift in Sources */,
				70BCD553299834DA000D89B7 /* UIViewController+Extensions.swift in Sources */,
				7048A8AB29956058005A1685 /* UIView+Extensions.swift in Sources */,
				703AF4FA28D7A0F30097DFDF /* Constants.swift in Sources */,
				703D7CEF29E7B1D10020360D /* lightTheme3.swift in Sources */,
				703D7CDD29E7B04F0020360D /* pinkTheme.swift in Sources */,
				7041C44427C2639A0096909D /* HomeController.swift in Sources */,
				703D7CF729E7B2740020360D /* lightTheme9.swift in Sources */,
				709E3A352969B55B006C6579 /* UITextField+Extensions.swift in Sources */,
				70522CC9286B7F1A00DC8FF4 /* blueTheme.swift in Sources */,
				709D048129DCD16000CCF880 /* SettingViewModel.swift in Sources */,
				703D7CDB29E7B0320020360D /* indigoTheme.swift in Sources */,
				709D047429DC097000CCF880 /* NotesController.swift in Sources */,
				7041CC7E29E7385D00C660AF /* PlaceholderView.swift in Sources */,
				703D7CFD29E7B2C20020360D /* lightTheme13.swift in Sources */,
				709D047B29DC56D600CCF880 /* ThemesController.swift in Sources */,
				7005EB8D285E57C2003F3850 /* Date+Subtract.swift in Sources */,
				70522CBC286B27BC00DC8FF4 /* ShortNoteTheme.swift in Sources */,
				70DE2D2227C386FE00F7FDD2 /* SettingsController.swift in Sources */,
				703D7CE729E7B0ED0020360D /* grayTheme3.swift in Sources */,
				70509AB029CDF6E500372655 /* Factories.swift in Sources */,
				70522CCB286B8B5C00DC8FF4 /* dimTheme.swift in Sources */,
				70509AB229CE144300372655 /* UIStackView+Extensions.swift in Sources */,
				709E3A312966E992006C6579 /* UIContextualAction+Extensions.swift in Sources */,
				703D7CDF29E7B07C0020360D /* brownTheme.swift in Sources */,
				70522CC2286B4FCF00DC8FF4 /* orangeTheme.swift in Sources */,
				70522CC4286B51D100DC8FF4 /* redTheme.swift in Sources */,
				709D04BE29DEF81D00CCF880 /* PreviewController.swift in Sources */,
				703D7CFF29E7B2E70020360D /* lightTheme8.swift in Sources */,
				7048A8A729955D44005A1685 /* NoteViewModel.swift in Sources */,
				703D7CE129E7B0990020360D /* greenTheme2.swift in Sources */,
				70522CBE286B280800DC8FF4 /* purpleTheme.swift in Sources */,
				709D047729DC374600CCF880 /* TagCell.swift in Sources */,
				70D26B3E27C26EAF00EEA85F /* AddController.swift in Sources */,
				703D7CF929E7B2950020360D /* lightTheme7.swift in Sources */,
				703D7CFB29E7B2B30020360D /* lightTheme4.swift in Sources */,
				703D7CE529E7B0C60020360D /* grayTheme4.swift in Sources */,
				709D047929DC55DE00CCF880 /* Theme.swift in Sources */,
				7048A8AF299589B6005A1685 /* SettingView.swift in Sources */,
				70522CBA286B277300DC8FF4 /* UIColor+HexValue.swift in Sources */,
				703D7CEB29E7B17D0020360D /* lightTheme11.swift in Sources */,
				70522CD3286B91C300DC8FF4 /* yellowTheme.swift in Sources */,
				7048A8B1299597A9005A1685 /* UISegmentedControl+Extensions.swift in Sources */,
				709D04B429DEE0BE00CCF880 /* NSAttributedString+Extensions.swift in Sources */,
				70522CC0286B289800DC8FF4 /* greenTheme.swift in Sources */,
				703D7CE929E7B1270020360D /* lightTheme6.swift in Sources */,
				70ABB75628548A6E0075B4D0 /* Date+Format.swift in Sources */,
				703D7CED29E7B1AA0020360D /* lightTheme.swift in Sources */,
				709D248929E095ED0067C7C2 /* UISearchBar+Extensions.swift in Sources */,
				709D04B229DEE09A00CCF880 /* UIGraphicsPDFRendererContext+Extensions.swift in Sources */,
				70522CCD286B8CDC00DC8FF4 /* grayTheme.swift in Sources */,
				70522CB8286B273800DC8FF4 /* ThemeManager.swift in Sources */,
				70522CC7286B7ACD00DC8FF4 /* darkTheme.swift in Sources */,
				703D7CF529E7B25F0020360D /* lightTheme12.swift in Sources */,
				7041C44027C2639A0096909D /* AppDelegate.swift in Sources */,
				7048A8AD2995672E005A1685 /* UserDefaultsManager.swift in Sources */,
				7005EB8A285E5745003F3850 /* UIButton+Extensions.swift in Sources */,
				70AE09FF27DB3A3F0098E3EC /* RecentlyDeletedController.swift in Sources */,
			);
			runOnlyForDeploymentPostprocessing = 0;
		};
		7041C45127C2639F0096909D /* Sources */ = {
			isa = PBXSourcesBuildPhase;
			buildActionMask = 2147483647;
			files = (
				7041C45A27C2639F0096909D /* short_noteTests.swift in Sources */,
			);
			runOnlyForDeploymentPostprocessing = 0;
		};
		7041C45B27C2639F0096909D /* Sources */ = {
			isa = PBXSourcesBuildPhase;
			buildActionMask = 2147483647;
			files = (
				7041C46427C2639F0096909D /* short_noteUITests.swift in Sources */,
				7041C46627C2639F0096909D /* short_noteUITestsLaunchTests.swift in Sources */,
			);
			runOnlyForDeploymentPostprocessing = 0;
		};
/* End PBXSourcesBuildPhase section */

/* Begin PBXTargetDependency section */
		7041C45727C2639F0096909D /* PBXTargetDependency */ = {
			isa = PBXTargetDependency;
			target = 7041C43B27C2639A0096909D /* short note */;
			targetProxy = 7041C45627C2639F0096909D /* PBXContainerItemProxy */;
		};
		7041C46127C2639F0096909D /* PBXTargetDependency */ = {
			isa = PBXTargetDependency;
			target = 7041C43B27C2639A0096909D /* short note */;
			targetProxy = 7041C46027C2639F0096909D /* PBXContainerItemProxy */;
		};
/* End PBXTargetDependency section */

/* Begin PBXVariantGroup section */
		7041C44D27C2639F0096909D /* LaunchScreen.storyboard */ = {
			isa = PBXVariantGroup;
			children = (
				7041C44E27C2639F0096909D /* Base */,
			);
			name = LaunchScreen.storyboard;
			sourceTree = "<group>";
		};
/* End PBXVariantGroup section */

/* Begin XCBuildConfiguration section */
		7041C46727C2639F0096909D /* Debug */ = {
			isa = XCBuildConfiguration;
			buildSettings = {
				ALWAYS_SEARCH_USER_PATHS = NO;
				CLANG_ANALYZER_NONNULL = YES;
				CLANG_ANALYZER_NUMBER_OBJECT_CONVERSION = YES_AGGRESSIVE;
				CLANG_CXX_LANGUAGE_STANDARD = "gnu++17";
				CLANG_CXX_LIBRARY = "libc++";
				CLANG_ENABLE_MODULES = YES;
				CLANG_ENABLE_OBJC_ARC = YES;
				CLANG_ENABLE_OBJC_WEAK = YES;
				CLANG_WARN_BLOCK_CAPTURE_AUTORELEASING = YES;
				CLANG_WARN_BOOL_CONVERSION = YES;
				CLANG_WARN_COMMA = YES;
				CLANG_WARN_CONSTANT_CONVERSION = YES;
				CLANG_WARN_DEPRECATED_OBJC_IMPLEMENTATIONS = YES;
				CLANG_WARN_DIRECT_OBJC_ISA_USAGE = YES_ERROR;
				CLANG_WARN_DOCUMENTATION_COMMENTS = YES;
				CLANG_WARN_EMPTY_BODY = YES;
				CLANG_WARN_ENUM_CONVERSION = YES;
				CLANG_WARN_INFINITE_RECURSION = YES;
				CLANG_WARN_INT_CONVERSION = YES;
				CLANG_WARN_NON_LITERAL_NULL_CONVERSION = YES;
				CLANG_WARN_OBJC_IMPLICIT_RETAIN_SELF = YES;
				CLANG_WARN_OBJC_LITERAL_CONVERSION = YES;
				CLANG_WARN_OBJC_ROOT_CLASS = YES_ERROR;
				CLANG_WARN_QUOTED_INCLUDE_IN_FRAMEWORK_HEADER = YES;
				CLANG_WARN_RANGE_LOOP_ANALYSIS = YES;
				CLANG_WARN_STRICT_PROTOTYPES = YES;
				CLANG_WARN_SUSPICIOUS_MOVE = YES;
				CLANG_WARN_UNGUARDED_AVAILABILITY = YES_AGGRESSIVE;
				CLANG_WARN_UNREACHABLE_CODE = YES;
				CLANG_WARN__DUPLICATE_METHOD_MATCH = YES;
				COPY_PHASE_STRIP = NO;
				DEBUG_INFORMATION_FORMAT = dwarf;
				ENABLE_STRICT_OBJC_MSGSEND = YES;
				ENABLE_TESTABILITY = YES;
				GCC_C_LANGUAGE_STANDARD = gnu11;
				GCC_DYNAMIC_NO_PIC = NO;
				GCC_NO_COMMON_BLOCKS = YES;
				GCC_OPTIMIZATION_LEVEL = 0;
				GCC_PREPROCESSOR_DEFINITIONS = (
					"DEBUG=1",
					"$(inherited)",
				);
				GCC_WARN_64_TO_32_BIT_CONVERSION = YES;
				GCC_WARN_ABOUT_RETURN_TYPE = YES_ERROR;
				GCC_WARN_UNDECLARED_SELECTOR = YES;
				GCC_WARN_UNINITIALIZED_AUTOS = YES_AGGRESSIVE;
				GCC_WARN_UNUSED_FUNCTION = YES;
				GCC_WARN_UNUSED_VARIABLE = YES;
				IPHONEOS_DEPLOYMENT_TARGET = 13.0;
				MTL_ENABLE_DEBUG_INFO = INCLUDE_SOURCE;
				MTL_FAST_MATH = YES;
				ONLY_ACTIVE_ARCH = YES;
				SDKROOT = iphoneos;
				SWIFT_ACTIVE_COMPILATION_CONDITIONS = DEBUG;
				SWIFT_OPTIMIZATION_LEVEL = "-Onone";
			};
			name = Debug;
		};
		7041C46827C2639F0096909D /* Release */ = {
			isa = XCBuildConfiguration;
			buildSettings = {
				ALWAYS_SEARCH_USER_PATHS = NO;
				CLANG_ANALYZER_NONNULL = YES;
				CLANG_ANALYZER_NUMBER_OBJECT_CONVERSION = YES_AGGRESSIVE;
				CLANG_CXX_LANGUAGE_STANDARD = "gnu++17";
				CLANG_CXX_LIBRARY = "libc++";
				CLANG_ENABLE_MODULES = YES;
				CLANG_ENABLE_OBJC_ARC = YES;
				CLANG_ENABLE_OBJC_WEAK = YES;
				CLANG_WARN_BLOCK_CAPTURE_AUTORELEASING = YES;
				CLANG_WARN_BOOL_CONVERSION = YES;
				CLANG_WARN_COMMA = YES;
				CLANG_WARN_CONSTANT_CONVERSION = YES;
				CLANG_WARN_DEPRECATED_OBJC_IMPLEMENTATIONS = YES;
				CLANG_WARN_DIRECT_OBJC_ISA_USAGE = YES_ERROR;
				CLANG_WARN_DOCUMENTATION_COMMENTS = YES;
				CLANG_WARN_EMPTY_BODY = YES;
				CLANG_WARN_ENUM_CONVERSION = YES;
				CLANG_WARN_INFINITE_RECURSION = YES;
				CLANG_WARN_INT_CONVERSION = YES;
				CLANG_WARN_NON_LITERAL_NULL_CONVERSION = YES;
				CLANG_WARN_OBJC_IMPLICIT_RETAIN_SELF = YES;
				CLANG_WARN_OBJC_LITERAL_CONVERSION = YES;
				CLANG_WARN_OBJC_ROOT_CLASS = YES_ERROR;
				CLANG_WARN_QUOTED_INCLUDE_IN_FRAMEWORK_HEADER = YES;
				CLANG_WARN_RANGE_LOOP_ANALYSIS = YES;
				CLANG_WARN_STRICT_PROTOTYPES = YES;
				CLANG_WARN_SUSPICIOUS_MOVE = YES;
				CLANG_WARN_UNGUARDED_AVAILABILITY = YES_AGGRESSIVE;
				CLANG_WARN_UNREACHABLE_CODE = YES;
				CLANG_WARN__DUPLICATE_METHOD_MATCH = YES;
				COPY_PHASE_STRIP = NO;
				DEBUG_INFORMATION_FORMAT = "dwarf-with-dsym";
				ENABLE_NS_ASSERTIONS = NO;
				ENABLE_STRICT_OBJC_MSGSEND = YES;
				GCC_C_LANGUAGE_STANDARD = gnu11;
				GCC_NO_COMMON_BLOCKS = YES;
				GCC_WARN_64_TO_32_BIT_CONVERSION = YES;
				GCC_WARN_ABOUT_RETURN_TYPE = YES_ERROR;
				GCC_WARN_UNDECLARED_SELECTOR = YES;
				GCC_WARN_UNINITIALIZED_AUTOS = YES_AGGRESSIVE;
				GCC_WARN_UNUSED_FUNCTION = YES;
				GCC_WARN_UNUSED_VARIABLE = YES;
				IPHONEOS_DEPLOYMENT_TARGET = 13.0;
				MTL_ENABLE_DEBUG_INFO = NO;
				MTL_FAST_MATH = YES;
				SDKROOT = iphoneos;
				SWIFT_COMPILATION_MODE = wholemodule;
				SWIFT_OPTIMIZATION_LEVEL = "-O";
				VALIDATE_PRODUCT = YES;
			};
			name = Release;
		};
		7041C46A27C2639F0096909D /* Debug */ = {
			isa = XCBuildConfiguration;
			buildSettings = {
				ASSETCATALOG_COMPILER_APPICON_NAME = AppIcon;
				ASSETCATALOG_COMPILER_GLOBAL_ACCENT_COLOR_NAME = AccentColor;
				CODE_SIGN_ENTITLEMENTS = "short note/short note.entitlements";
				CODE_SIGN_STYLE = Automatic;
				CURRENT_PROJECT_VERSION = 1;
				DEVELOPMENT_TEAM = UA5J3LA7RU;
				GENERATE_INFOPLIST_FILE = YES;
				INFOPLIST_FILE = "short note/Info.plist";
				INFOPLIST_KEY_CFBundleDisplayName = "Short Notes";
				INFOPLIST_KEY_UIApplicationSupportsIndirectInputEvents = YES;
				INFOPLIST_KEY_UILaunchStoryboardName = LaunchScreen;
				INFOPLIST_KEY_UIMainStoryboardFile = "";
				INFOPLIST_KEY_UIRequiresFullScreen = YES;
				INFOPLIST_KEY_UISupportedInterfaceOrientations = UIInterfaceOrientationPortrait;
				IPHONEOS_DEPLOYMENT_TARGET = 13.0;
				LD_RUNPATH_SEARCH_PATHS = (
					"$(inherited)",
					"@executable_path/Frameworks",
				);
				MARKETING_VERSION = 1.0.6;
				PRODUCT_BUNDLE_IDENTIFIER = "com.ibrahimuysal.short-note";
				PRODUCT_NAME = "$(TARGET_NAME)";
				SWIFT_EMIT_LOC_STRINGS = YES;
				SWIFT_VERSION = 5.0;
				TARGETED_DEVICE_FAMILY = "1,2";
			};
			name = Debug;
		};
		7041C46B27C2639F0096909D /* Release */ = {
			isa = XCBuildConfiguration;
			buildSettings = {
				ASSETCATALOG_COMPILER_APPICON_NAME = AppIcon;
				ASSETCATALOG_COMPILER_GLOBAL_ACCENT_COLOR_NAME = AccentColor;
				CODE_SIGN_ENTITLEMENTS = "short note/short note.entitlements";
				CODE_SIGN_STYLE = Automatic;
				CURRENT_PROJECT_VERSION = 1;
				DEVELOPMENT_TEAM = UA5J3LA7RU;
				GENERATE_INFOPLIST_FILE = YES;
				INFOPLIST_FILE = "short note/Info.plist";
				INFOPLIST_KEY_CFBundleDisplayName = "Short Notes";
				INFOPLIST_KEY_UIApplicationSupportsIndirectInputEvents = YES;
				INFOPLIST_KEY_UILaunchStoryboardName = LaunchScreen;
				INFOPLIST_KEY_UIMainStoryboardFile = "";
				INFOPLIST_KEY_UIRequiresFullScreen = YES;
				INFOPLIST_KEY_UISupportedInterfaceOrientations = UIInterfaceOrientationPortrait;
				IPHONEOS_DEPLOYMENT_TARGET = 13.0;
				LD_RUNPATH_SEARCH_PATHS = (
					"$(inherited)",
					"@executable_path/Frameworks",
				);
				MARKETING_VERSION = 1.0.6;
				PRODUCT_BUNDLE_IDENTIFIER = "com.ibrahimuysal.short-note";
				PRODUCT_NAME = "$(TARGET_NAME)";
				SWIFT_EMIT_LOC_STRINGS = YES;
				SWIFT_VERSION = 5.0;
				TARGETED_DEVICE_FAMILY = "1,2";
			};
			name = Release;
		};
		7041C46D27C2639F0096909D /* Debug */ = {
			isa = XCBuildConfiguration;
			buildSettings = {
				ALWAYS_EMBED_SWIFT_STANDARD_LIBRARIES = YES;
				BUNDLE_LOADER = "$(TEST_HOST)";
				CODE_SIGN_STYLE = Automatic;
				CURRENT_PROJECT_VERSION = 1;
				DEVELOPMENT_TEAM = UA5J3LA7RU;
				GENERATE_INFOPLIST_FILE = YES;
				IPHONEOS_DEPLOYMENT_TARGET = 15.2;
				MARKETING_VERSION = 1.0;
				PRODUCT_BUNDLE_IDENTIFIER = "com.ibrahimuysal.short-noteTests";
				PRODUCT_NAME = "$(TARGET_NAME)";
				SWIFT_EMIT_LOC_STRINGS = NO;
				SWIFT_VERSION = 5.0;
				TARGETED_DEVICE_FAMILY = "1,2";
				TEST_HOST = "$(BUILT_PRODUCTS_DIR)/short note.app/short note";
			};
			name = Debug;
		};
		7041C46E27C2639F0096909D /* Release */ = {
			isa = XCBuildConfiguration;
			buildSettings = {
				ALWAYS_EMBED_SWIFT_STANDARD_LIBRARIES = YES;
				BUNDLE_LOADER = "$(TEST_HOST)";
				CODE_SIGN_STYLE = Automatic;
				CURRENT_PROJECT_VERSION = 1;
				DEVELOPMENT_TEAM = UA5J3LA7RU;
				GENERATE_INFOPLIST_FILE = YES;
				IPHONEOS_DEPLOYMENT_TARGET = 15.2;
				MARKETING_VERSION = 1.0;
				PRODUCT_BUNDLE_IDENTIFIER = "com.ibrahimuysal.short-noteTests";
				PRODUCT_NAME = "$(TARGET_NAME)";
				SWIFT_EMIT_LOC_STRINGS = NO;
				SWIFT_VERSION = 5.0;
				TARGETED_DEVICE_FAMILY = "1,2";
				TEST_HOST = "$(BUILT_PRODUCTS_DIR)/short note.app/short note";
			};
			name = Release;
		};
		7041C47027C2639F0096909D /* Debug */ = {
			isa = XCBuildConfiguration;
			buildSettings = {
				ALWAYS_EMBED_SWIFT_STANDARD_LIBRARIES = YES;
				CODE_SIGN_STYLE = Automatic;
				CURRENT_PROJECT_VERSION = 1;
				DEVELOPMENT_TEAM = UA5J3LA7RU;
				GENERATE_INFOPLIST_FILE = YES;
				MARKETING_VERSION = 1.0;
				PRODUCT_BUNDLE_IDENTIFIER = "com.ibrahimuysal.short-noteUITests";
				PRODUCT_NAME = "$(TARGET_NAME)";
				SWIFT_EMIT_LOC_STRINGS = NO;
				SWIFT_VERSION = 5.0;
				TARGETED_DEVICE_FAMILY = "1,2";
				TEST_TARGET_NAME = "short note";
			};
			name = Debug;
		};
		7041C47127C2639F0096909D /* Release */ = {
			isa = XCBuildConfiguration;
			buildSettings = {
				ALWAYS_EMBED_SWIFT_STANDARD_LIBRARIES = YES;
				CODE_SIGN_STYLE = Automatic;
				CURRENT_PROJECT_VERSION = 1;
				DEVELOPMENT_TEAM = UA5J3LA7RU;
				GENERATE_INFOPLIST_FILE = YES;
				MARKETING_VERSION = 1.0;
				PRODUCT_BUNDLE_IDENTIFIER = "com.ibrahimuysal.short-noteUITests";
				PRODUCT_NAME = "$(TARGET_NAME)";
				SWIFT_EMIT_LOC_STRINGS = NO;
				SWIFT_VERSION = 5.0;
				TARGETED_DEVICE_FAMILY = "1,2";
				TEST_TARGET_NAME = "short note";
			};
			name = Release;
		};
/* End XCBuildConfiguration section */

/* Begin XCConfigurationList section */
		7041C43727C2639A0096909D /* Build configuration list for PBXProject "short note" */ = {
			isa = XCConfigurationList;
			buildConfigurations = (
				7041C46727C2639F0096909D /* Debug */,
				7041C46827C2639F0096909D /* Release */,
			);
			defaultConfigurationIsVisible = 0;
			defaultConfigurationName = Release;
		};
		7041C46927C2639F0096909D /* Build configuration list for PBXNativeTarget "short note" */ = {
			isa = XCConfigurationList;
			buildConfigurations = (
				7041C46A27C2639F0096909D /* Debug */,
				7041C46B27C2639F0096909D /* Release */,
			);
			defaultConfigurationIsVisible = 0;
			defaultConfigurationName = Release;
		};
		7041C46C27C2639F0096909D /* Build configuration list for PBXNativeTarget "short noteTests" */ = {
			isa = XCConfigurationList;
			buildConfigurations = (
				7041C46D27C2639F0096909D /* Debug */,
				7041C46E27C2639F0096909D /* Release */,
			);
			defaultConfigurationIsVisible = 0;
			defaultConfigurationName = Release;
		};
		7041C46F27C2639F0096909D /* Build configuration list for PBXNativeTarget "short noteUITests" */ = {
			isa = XCConfigurationList;
			buildConfigurations = (
				7041C47027C2639F0096909D /* Debug */,
				7041C47127C2639F0096909D /* Release */,
			);
			defaultConfigurationIsVisible = 0;
			defaultConfigurationName = Release;
		};
/* End XCConfigurationList section */

/* Begin XCVersionGroup section */
		7041C44827C2639A0096909D /* Note.xcdatamodeld */ = {
			isa = XCVersionGroup;
			children = (
				7041C44927C2639A0096909D /* short_note.xcdatamodel */,
			);
			currentVersion = 7041C44927C2639A0096909D /* short_note.xcdatamodel */;
			path = Note.xcdatamodeld;
			sourceTree = "<group>";
			versionGroupType = wrapper.xcdatamodel;
		};
/* End XCVersionGroup section */
	};
	rootObject = 7041C43427C2639A0096909D /* Project object */;
}
